
Microsoft Visual Studio Solution File, Format Version 12.00
# Visual Studio Version 16
VisualStudioVersion = 16.0.28407.52
MinimumVisualStudioVersion = 10.0.40219.1
Project("{9A19103F-16F7-4668-BE54-9A1E7A4F7556}") = "SimpleMapper", "SimpleMapper\SimpleMapper.csproj", "{5231B11D-1EB1-46D6-82E0-38D16F6F782A}"
EndProject
Project("{9A19103F-16F7-4668-BE54-9A1E7A4F7556}") = "Benchmark", "Benchmark\Benchmark.csproj", "{9003A443-E465-4737-9B32-3D7FAFF194FF}"
EndProject
Project("{FAE04EC0-301F-11D3-BF4B-00C04F79EFBC}") = "Benchamark.Common", "Benchamark.Common\Benchamark.Common.csproj", "{60DE87AE-7754-4DE6-BCA5-7B9E5CDA8148}"
EndProject
Global
	GlobalSection(SolutionConfigurationPlatforms) = preSolution
		Debug|Any CPU = Debug|Any CPU
		Release|Any CPU = Release|Any CPU
	EndGlobalSection
	GlobalSection(ProjectConfigurationPlatforms) = postSolution
		{5231B11D-1EB1-46D6-82E0-38D16F6F782A}.Debug|Any CPU.ActiveCfg = Debug|Any CPU
		{5231B11D-1EB1-46D6-82E0-38D16F6F782A}.Debug|Any CPU.Build.0 = Debug|Any CPU
		{5231B11D-1EB1-46D6-82E0-38D16F6F782A}.Release|Any CPU.ActiveCfg = Release|Any CPU
		{5231B11D-1EB1-46D6-82E0-38D16F6F782A}.Release|Any CPU.Build.0 = Release|Any CPU
		{9003A443-E465-4737-9B32-3D7FAFF194FF}.Debug|Any CPU.ActiveCfg = Debug|Any CPU
		{9003A443-E465-4737-9B32-3D7FAFF194FF}.Debug|Any CPU.Build.0 = Debug|Any CPU
		{9003A443-E465-4737-9B32-3D7FAFF194FF}.Release|Any CPU.ActiveCfg = Release|Any CPU
		{9003A443-E465-4737-9B32-3D7FAFF194FF}.Release|Any CPU.Build.0 = Release|Any CPU
		{60DE87AE-7754-4DE6-BCA5-7B9E5CDA8148}.Debug|Any CPU.ActiveCfg = Debug|Any CPU
		{60DE87AE-7754-4DE6-BCA5-7B9E5CDA8148}.Debug|Any CPU.Build.0 = Debug|Any CPU
		{60DE87AE-7754-4DE6-BCA5-7B9E5CDA8148}.Release|Any CPU.ActiveCfg = Release|Any CPU
		{60DE87AE-7754-4DE6-BCA5-7B9E5CDA8148}.Release|Any CPU.Build.0 = Release|Any CPU
	EndGlobalSection
	GlobalSection(SolutionProperties) = preSolution
		HideSolutionNode = FALSE
	EndGlobalSection
	GlobalSection(ExtensibilityGlobals) = postSolution
		SolutionGuid = {ECA839E1-EEFA-446E-B3F9-B92F8245E92C}
	EndGlobalSection
EndGlobal
